// !$*UTF8*$!
{
	archiveVersion = 1;
	classes = {
	};
	objectVersion = 46;
	objects = {

/* Begin PBXBuildFile section */
		2BC043CB19C4FFC300CA68B6 /* TableViewCell.swift in Sources */ = {isa = PBXBuildFile; fileRef = 2BC043CA19C4FFC300CA68B6 /* TableViewCell.swift */; };
		2BC043CD19C505FA00CA68B6 /* CenterTableViewCell.swift in Sources */ = {isa = PBXBuildFile; fileRef = 2BC043CC19C505FA00CA68B6 /* CenterTableViewCell.swift */; };
		2BCB04C619C4F466002CBDB6 /* AppDelegate.swift in Sources */ = {isa = PBXBuildFile; fileRef = 2BCB04C519C4F466002CBDB6 /* AppDelegate.swift */; };
		2BCB04C819C4F4DE002CBDB6 /* ExampleDrawerVisualStateManager.swift in Sources */ = {isa = PBXBuildFile; fileRef = 2BCB04C719C4F4DE002CBDB6 /* ExampleDrawerVisualStateManager.swift */; };
		2BCB04D019C4F814002CBDB6 /* ExampleViewController.swift in Sources */ = {isa = PBXBuildFile; fileRef = 2BCB04CF19C4F814002CBDB6 /* ExampleViewController.swift */; };
		2BCB04D419C4FB39002CBDB6 /* ExampleCenterTableViewController.swift in Sources */ = {isa = PBXBuildFile; fileRef = 2BCB04D319C4FB39002CBDB6 /* ExampleCenterTableViewController.swift */; };
		2BE66C7419C50BA0005EDC19 /* ExampleSideDrawerViewController.swift in Sources */ = {isa = PBXBuildFile; fileRef = 2BE66C7319C50BA0005EDC19 /* ExampleSideDrawerViewController.swift */; };
		2BE66C7619C50BD6005EDC19 /* ExampleLeftSideDrawerViewController.swift in Sources */ = {isa = PBXBuildFile; fileRef = 2BE66C7519C50BD6005EDC19 /* ExampleLeftSideDrawerViewController.swift */; };
		2BE66C7819C50BE8005EDC19 /* ExampleRightSideDrawerViewController.swift in Sources */ = {isa = PBXBuildFile; fileRef = 2BE66C7719C50BE8005EDC19 /* ExampleRightSideDrawerViewController.swift */; };
		2BE66C7A19C50C0B005EDC19 /* SideDrawerTableViewCell.swift in Sources */ = {isa = PBXBuildFile; fileRef = 2BE66C7919C50C0B005EDC19 /* SideDrawerTableViewCell.swift */; };
		2BE66C7C19C50C2C005EDC19 /* SideDrawerSectionHeaderView.swift in Sources */ = {isa = PBXBuildFile; fileRef = 2BE66C7B19C50C2C005EDC19 /* SideDrawerSectionHeaderView.swift */; };
		2BE66C7E19C50D87005EDC19 /* LaunchScreen.xib in Resources */ = {isa = PBXBuildFile; fileRef = 2BE66C7D19C50D87005EDC19 /* LaunchScreen.xib */; };
		634708221E17FB34001C31D2 /* ExampleSideDrawerViewController.swift in Sources */ = {isa = PBXBuildFile; fileRef = 2BE66C7319C50BA0005EDC19 /* ExampleSideDrawerViewController.swift */; };
		634708231E17FB34001C31D2 /* SideDrawerTableViewCell.swift in Sources */ = {isa = PBXBuildFile; fileRef = 2BE66C7919C50C0B005EDC19 /* SideDrawerTableViewCell.swift */; };
		634708251E17FB34001C31D2 /* ExampleRightSideDrawerViewController.swift in Sources */ = {isa = PBXBuildFile; fileRef = 2BE66C7719C50BE8005EDC19 /* ExampleRightSideDrawerViewController.swift */; };
		634708261E17FB34001C31D2 /* ExampleLeftSideDrawerViewController.swift in Sources */ = {isa = PBXBuildFile; fileRef = 2BE66C7519C50BD6005EDC19 /* ExampleLeftSideDrawerViewController.swift */; };
		634708271E17FB34001C31D2 /* TableViewCell.swift in Sources */ = {isa = PBXBuildFile; fileRef = 2BC043CA19C4FFC300CA68B6 /* TableViewCell.swift */; };
		634708281E17FB34001C31D2 /* SideDrawerSectionHeaderView.swift in Sources */ = {isa = PBXBuildFile; fileRef = 2BE66C7B19C50C2C005EDC19 /* SideDrawerSectionHeaderView.swift */; };
		634708291E17FB34001C31D2 /* ExampleDrawerVisualStateManager.swift in Sources */ = {isa = PBXBuildFile; fileRef = 2BCB04C719C4F4DE002CBDB6 /* ExampleDrawerVisualStateManager.swift */; };
		6347082A1E17FB34001C31D2 /* CenterTableViewCell.swift in Sources */ = {isa = PBXBuildFile; fileRef = 2BC043CC19C505FA00CA68B6 /* CenterTableViewCell.swift */; };
		6347082B1E17FB34001C31D2 /* ExampleCenterTableViewController.swift in Sources */ = {isa = PBXBuildFile; fileRef = 2BCB04D319C4FB39002CBDB6 /* ExampleCenterTableViewController.swift */; };
		6347082C1E17FB34001C31D2 /* ExampleViewController.swift in Sources */ = {isa = PBXBuildFile; fileRef = 2BCB04CF19C4F814002CBDB6 /* ExampleViewController.swift */; };
		6347082E1E17FB34001C31D2 /* DrawerController.framework in Frameworks */ = {isa = PBXBuildFile; fileRef = FA5484A21AFF078400B23205 /* DrawerController.framework */; };
		634708301E17FB34001C31D2 /* LaunchScreen.xib in Resources */ = {isa = PBXBuildFile; fileRef = 2BE66C7D19C50D87005EDC19 /* LaunchScreen.xib */; };
		634708321E17FB34001C31D2 /* DrawerController.framework in Embed Frameworks */ = {isa = PBXBuildFile; fileRef = FA5484A21AFF078400B23205 /* DrawerController.framework */; settings = {ATTRIBUTES = (CodeSignOnCopy, RemoveHeadersOnCopy, ); }; };
		6347083A1E17FBC1001C31D2 /* AppDelegate-IB.swift in Sources */ = {isa = PBXBuildFile; fileRef = 634708391E17FBC1001C31D2 /* AppDelegate-IB.swift */; };
		6347083C1E17FBF5001C31D2 /* Main.storyboard in Resources */ = {isa = PBXBuildFile; fileRef = 6347083B1E17FBF5001C31D2 /* Main.storyboard */; };
		FA5484A71AFF07C000B23205 /* DrawerController.framework in Frameworks */ = {isa = PBXBuildFile; fileRef = FA5484A21AFF078400B23205 /* DrawerController.framework */; };
		FA5484A81AFF07C000B23205 /* DrawerController.framework in Embed Frameworks */ = {isa = PBXBuildFile; fileRef = FA5484A21AFF078400B23205 /* DrawerController.framework */; settings = {ATTRIBUTES = (CodeSignOnCopy, RemoveHeadersOnCopy, ); }; };
/* End PBXBuildFile section */

/* Begin PBXContainerItemProxy section */
		6347081E1E17FB34001C31D2 /* PBXContainerItemProxy */ = {
			isa = PBXContainerItemProxy;
			containerPortal = FA54849C1AFF078400B23205 /* DrawerController.xcodeproj */;
			proxyType = 1;
			remoteGlobalIDString = FAEF01351AFEE4FF00DFDF7F;
			remoteInfo = DrawerController;
		};
		634708201E17FB34001C31D2 /* PBXContainerItemProxy */ = {
			isa = PBXContainerItemProxy;
			containerPortal = FA54849C1AFF078400B23205 /* DrawerController.xcodeproj */;
			proxyType = 1;
			remoteGlobalIDString = FAEF01351AFEE4FF00DFDF7F;
			remoteInfo = DrawerController;
		};
		FA5484A11AFF078400B23205 /* PBXContainerItemProxy */ = {
			isa = PBXContainerItemProxy;
			containerPortal = FA54849C1AFF078400B23205 /* DrawerController.xcodeproj */;
			proxyType = 2;
			remoteGlobalIDString = FAEF01361AFEE4FF00DFDF7F;
			remoteInfo = DrawerController;
		};
		FA5484A51AFF07A600B23205 /* PBXContainerItemProxy */ = {
			isa = PBXContainerItemProxy;
			containerPortal = FA54849C1AFF078400B23205 /* DrawerController.xcodeproj */;
			proxyType = 1;
			remoteGlobalIDString = FAEF01351AFEE4FF00DFDF7F;
			remoteInfo = DrawerController;
		};
		FA5484A91AFF07C000B23205 /* PBXContainerItemProxy */ = {
			isa = PBXContainerItemProxy;
			containerPortal = FA54849C1AFF078400B23205 /* DrawerController.xcodeproj */;
			proxyType = 1;
			remoteGlobalIDString = FAEF01351AFEE4FF00DFDF7F;
			remoteInfo = DrawerController;
		};
/* End PBXContainerItemProxy section */

/* Begin PBXCopyFilesBuildPhase section */
		634708311E17FB34001C31D2 /* Embed Frameworks */ = {
			isa = PBXCopyFilesBuildPhase;
			buildActionMask = 2147483647;
			dstPath = "";
			dstSubfolderSpec = 10;
			files = (
				634708321E17FB34001C31D2 /* DrawerController.framework in Embed Frameworks */,
			);
			name = "Embed Frameworks";
			runOnlyForDeploymentPostprocessing = 0;
		};
		FA5484AB1AFF07C000B23205 /* Embed Frameworks */ = {
			isa = PBXCopyFilesBuildPhase;
			buildActionMask = 2147483647;
			dstPath = "";
			dstSubfolderSpec = 10;
			files = (
				FA5484A81AFF07C000B23205 /* DrawerController.framework in Embed Frameworks */,
			);
			name = "Embed Frameworks";
			runOnlyForDeploymentPostprocessing = 0;
		};
/* End PBXCopyFilesBuildPhase section */

/* Begin PBXFileReference section */
		2BC043CA19C4FFC300CA68B6 /* TableViewCell.swift */ = {isa = PBXFileReference; fileEncoding = 4; lastKnownFileType = sourcecode.swift; path = TableViewCell.swift; sourceTree = "<group>"; };
		2BC043CC19C505FA00CA68B6 /* CenterTableViewCell.swift */ = {isa = PBXFileReference; fileEncoding = 4; lastKnownFileType = sourcecode.swift; path = CenterTableViewCell.swift; sourceTree = "<group>"; };
		2BCB049A19C4F334002CBDB6 /* DrawerControllerKitchenSink.app */ = {isa = PBXFileReference; explicitFileType = wrapper.application; includeInIndex = 0; path = DrawerControllerKitchenSink.app; sourceTree = BUILT_PRODUCTS_DIR; };
		2BCB049E19C4F334002CBDB6 /* Info.plist */ = {isa = PBXFileReference; lastKnownFileType = text.plist.xml; path = Info.plist; sourceTree = "<group>"; };
		2BCB04C519C4F466002CBDB6 /* AppDelegate.swift */ = {isa = PBXFileReference; fileEncoding = 4; lastKnownFileType = sourcecode.swift; path = AppDelegate.swift; sourceTree = "<group>"; };
		2BCB04C719C4F4DE002CBDB6 /* ExampleDrawerVisualStateManager.swift */ = {isa = PBXFileReference; fileEncoding = 4; lastKnownFileType = sourcecode.swift; path = ExampleDrawerVisualStateManager.swift; sourceTree = "<group>"; };
		2BCB04CF19C4F814002CBDB6 /* ExampleViewController.swift */ = {isa = PBXFileReference; fileEncoding = 4; lastKnownFileType = sourcecode.swift; path = ExampleViewController.swift; sourceTree = "<group>"; };
		2BCB04D319C4FB39002CBDB6 /* ExampleCenterTableViewController.swift */ = {isa = PBXFileReference; fileEncoding = 4; lastKnownFileType = sourcecode.swift; lineEnding = 0; path = ExampleCenterTableViewController.swift; sourceTree = "<group>"; xcLanguageSpecificationIdentifier = xcode.lang.swift; };
		2BE66C7319C50BA0005EDC19 /* ExampleSideDrawerViewController.swift */ = {isa = PBXFileReference; fileEncoding = 4; lastKnownFileType = sourcecode.swift; lineEnding = 0; path = ExampleSideDrawerViewController.swift; sourceTree = "<group>"; xcLanguageSpecificationIdentifier = xcode.lang.swift; };
		2BE66C7519C50BD6005EDC19 /* ExampleLeftSideDrawerViewController.swift */ = {isa = PBXFileReference; fileEncoding = 4; lastKnownFileType = sourcecode.swift; lineEnding = 0; path = ExampleLeftSideDrawerViewController.swift; sourceTree = "<group>"; xcLanguageSpecificationIdentifier = xcode.lang.swift; };
		2BE66C7719C50BE8005EDC19 /* ExampleRightSideDrawerViewController.swift */ = {isa = PBXFileReference; fileEncoding = 4; lastKnownFileType = sourcecode.swift; path = ExampleRightSideDrawerViewController.swift; sourceTree = "<group>"; };
		2BE66C7919C50C0B005EDC19 /* SideDrawerTableViewCell.swift */ = {isa = PBXFileReference; fileEncoding = 4; lastKnownFileType = sourcecode.swift; path = SideDrawerTableViewCell.swift; sourceTree = "<group>"; };
		2BE66C7B19C50C2C005EDC19 /* SideDrawerSectionHeaderView.swift */ = {isa = PBXFileReference; fileEncoding = 4; lastKnownFileType = sourcecode.swift; path = SideDrawerSectionHeaderView.swift; sourceTree = "<group>"; };
		2BE66C7D19C50D87005EDC19 /* LaunchScreen.xib */ = {isa = PBXFileReference; fileEncoding = 4; lastKnownFileType = file.xib; path = LaunchScreen.xib; sourceTree = "<group>"; };
		634708361E17FB34001C31D2 /* DrawerControllerKitchenSink-IB.app */ = {isa = PBXFileReference; explicitFileType = wrapper.application; includeInIndex = 0; path = "DrawerControllerKitchenSink-IB.app"; sourceTree = BUILT_PRODUCTS_DIR; };
		634708381E17FB69001C31D2 /* Info-IB.plist */ = {isa = PBXFileReference; lastKnownFileType = text.plist.xml; path = "Info-IB.plist"; sourceTree = "<group>"; };
		634708391E17FBC1001C31D2 /* AppDelegate-IB.swift */ = {isa = PBXFileReference; fileEncoding = 4; lastKnownFileType = sourcecode.swift; path = "AppDelegate-IB.swift"; sourceTree = "<group>"; };
		6347083B1E17FBF5001C31D2 /* Main.storyboard */ = {isa = PBXFileReference; fileEncoding = 4; lastKnownFileType = file.storyboard; path = Main.storyboard; sourceTree = "<group>"; };
		FA54849C1AFF078400B23205 /* DrawerController.xcodeproj */ = {isa = PBXFileReference; lastKnownFileType = "wrapper.pb-project"; name = DrawerController.xcodeproj; path = ../DrawerController.xcodeproj; sourceTree = "<group>"; };
/* End PBXFileReference section */

/* Begin PBXFrameworksBuildPhase section */
		2BCB049719C4F334002CBDB6 /* Frameworks */ = {
			isa = PBXFrameworksBuildPhase;
			buildActionMask = 2147483647;
			files = (
				FA5484A71AFF07C000B23205 /* DrawerController.framework in Frameworks */,
			);
			runOnlyForDeploymentPostprocessing = 0;
		};
		6347082D1E17FB34001C31D2 /* Frameworks */ = {
			isa = PBXFrameworksBuildPhase;
			buildActionMask = 2147483647;
			files = (
				6347082E1E17FB34001C31D2 /* DrawerController.framework in Frameworks */,
			);
			runOnlyForDeploymentPostprocessing = 0;
		};
/* End PBXFrameworksBuildPhase section */

/* Begin PBXGroup section */
		2BCB049119C4F334002CBDB6 = {
			isa = PBXGroup;
			children = (
				FA54849C1AFF078400B23205 /* DrawerController.xcodeproj */,
				2BCB049C19C4F334002CBDB6 /* ExampleFiles */,
				2BCB049B19C4F334002CBDB6 /* Products */,
			);
			sourceTree = "<group>";
		};
		2BCB049B19C4F334002CBDB6 /* Products */ = {
			isa = PBXGroup;
			children = (
				2BCB049A19C4F334002CBDB6 /* DrawerControllerKitchenSink.app */,
				634708361E17FB34001C31D2 /* DrawerControllerKitchenSink-IB.app */,
			);
			name = Products;
			sourceTree = "<group>";
		};
		2BCB049C19C4F334002CBDB6 /* ExampleFiles */ = {
			isa = PBXGroup;
			children = (
				634708391E17FBC1001C31D2 /* AppDelegate-IB.swift */,
				2BCB04C519C4F466002CBDB6 /* AppDelegate.swift */,
				2BCB049D19C4F334002CBDB6 /* Supporting Files */,
				2BCB04C319C4F3D2002CBDB6 /* TableViewHelpers */,
				2BCB04C219C4F3CF002CBDB6 /* ViewControllers */,
				2BCB04C019C4F3C7002CBDB6 /* VisualStateManager */,
			);
			path = ExampleFiles;
			sourceTree = "<group>";
		};
		2BCB049D19C4F334002CBDB6 /* Supporting Files */ = {
			isa = PBXGroup;
			children = (
				634708381E17FB69001C31D2 /* Info-IB.plist */,
				2BCB049E19C4F334002CBDB6 /* Info.plist */,
				2BE66C7D19C50D87005EDC19 /* LaunchScreen.xib */,
				6347083B1E17FBF5001C31D2 /* Main.storyboard */,
			);
			name = "Supporting Files";
			sourceTree = "<group>";
		};
		2BCB04C019C4F3C7002CBDB6 /* VisualStateManager */ = {
			isa = PBXGroup;
			children = (
				2BCB04C719C4F4DE002CBDB6 /* ExampleDrawerVisualStateManager.swift */,
			);
			path = VisualStateManager;
			sourceTree = "<group>";
		};
		2BCB04C219C4F3CF002CBDB6 /* ViewControllers */ = {
			isa = PBXGroup;
			children = (
				2BCB04D319C4FB39002CBDB6 /* ExampleCenterTableViewController.swift */,
				2BE66C7519C50BD6005EDC19 /* ExampleLeftSideDrawerViewController.swift */,
				2BE66C7719C50BE8005EDC19 /* ExampleRightSideDrawerViewController.swift */,
				2BE66C7319C50BA0005EDC19 /* ExampleSideDrawerViewController.swift */,
				2BCB04CF19C4F814002CBDB6 /* ExampleViewController.swift */,
			);
			path = ViewControllers;
			sourceTree = "<group>";
		};
		2BCB04C319C4F3D2002CBDB6 /* TableViewHelpers */ = {
			isa = PBXGroup;
			children = (
				2BC043CC19C505FA00CA68B6 /* CenterTableViewCell.swift */,
				2BE66C7B19C50C2C005EDC19 /* SideDrawerSectionHeaderView.swift */,
				2BE66C7919C50C0B005EDC19 /* SideDrawerTableViewCell.swift */,
				2BC043CA19C4FFC300CA68B6 /* TableViewCell.swift */,
			);
			path = TableViewHelpers;
			sourceTree = "<group>";
		};
		FA54849D1AFF078400B23205 /* Products */ = {
			isa = PBXGroup;
			children = (
				FA5484A21AFF078400B23205 /* DrawerController.framework */,
			);
			name = Products;
			sourceTree = "<group>";
		};
/* End PBXGroup section */

/* Begin PBXNativeTarget section */
		2BCB049919C4F334002CBDB6 /* DrawerControllerKitchenSink */ = {
			isa = PBXNativeTarget;
			buildConfigurationList = 2BCB04B919C4F334002CBDB6 /* Build configuration list for PBXNativeTarget "DrawerControllerKitchenSink" */;
			buildPhases = (
				2BCB049619C4F334002CBDB6 /* Sources */,
				2BCB049719C4F334002CBDB6 /* Frameworks */,
				2BCB049819C4F334002CBDB6 /* Resources */,
				FA5484AB1AFF07C000B23205 /* Embed Frameworks */,
			);
			buildRules = (
			);
			dependencies = (
				FA5484A61AFF07A600B23205 /* PBXTargetDependency */,
				FA5484AA1AFF07C000B23205 /* PBXTargetDependency */,
			);
			name = DrawerControllerKitchenSink;
			productName = DrawerControllerKitchenSink;
			productReference = 2BCB049A19C4F334002CBDB6 /* DrawerControllerKitchenSink.app */;
			productType = "com.apple.product-type.application";
		};
		6347081C1E17FB34001C31D2 /* DrawerControllerKitchenSink-IB */ = {
			isa = PBXNativeTarget;
			buildConfigurationList = 634708331E17FB34001C31D2 /* Build configuration list for PBXNativeTarget "DrawerControllerKitchenSink-IB" */;
			buildPhases = (
				634708211E17FB34001C31D2 /* Sources */,
				6347082D1E17FB34001C31D2 /* Frameworks */,
				6347082F1E17FB34001C31D2 /* Resources */,
				634708311E17FB34001C31D2 /* Embed Frameworks */,
			);
			buildRules = (
			);
			dependencies = (
				6347081D1E17FB34001C31D2 /* PBXTargetDependency */,
				6347081F1E17FB34001C31D2 /* PBXTargetDependency */,
			);
			name = "DrawerControllerKitchenSink-IB";
			productName = DrawerControllerKitchenSink;
			productReference = 634708361E17FB34001C31D2 /* DrawerControllerKitchenSink-IB.app */;
			productType = "com.apple.product-type.application";
		};
/* End PBXNativeTarget section */

/* Begin PBXProject section */
		2BCB049219C4F334002CBDB6 /* Project object */ = {
			isa = PBXProject;
			attributes = {
				LastSwiftUpdateCheck = 0700;
				LastUpgradeCheck = 0800;
				ORGANIZATIONNAME = evolved.io;
				TargetAttributes = {
					2BCB049919C4F334002CBDB6 = {
						CreatedOnToolsVersion = 6.0;
						LastSwiftMigration = 0800;
					};
				};
			};
			buildConfigurationList = 2BCB049519C4F334002CBDB6 /* Build configuration list for PBXProject "DrawerControllerKitchenSink" */;
			compatibilityVersion = "Xcode 3.2";
			developmentRegion = English;
			hasScannedForEncodings = 0;
			knownRegions = (
				en,
				Base,
			);
			mainGroup = 2BCB049119C4F334002CBDB6;
			productRefGroup = 2BCB049B19C4F334002CBDB6 /* Products */;
			projectDirPath = "";
			projectReferences = (
				{
					ProductGroup = FA54849D1AFF078400B23205 /* Products */;
					ProjectRef = FA54849C1AFF078400B23205 /* DrawerController.xcodeproj */;
				},
			);
			projectRoot = "";
			targets = (
				2BCB049919C4F334002CBDB6 /* DrawerControllerKitchenSink */,
				6347081C1E17FB34001C31D2 /* DrawerControllerKitchenSink-IB */,
			);
		};
/* End PBXProject section */

/* Begin PBXReferenceProxy section */
		FA5484A21AFF078400B23205 /* DrawerController.framework */ = {
			isa = PBXReferenceProxy;
			fileType = wrapper.framework;
			path = DrawerController.framework;
			remoteRef = FA5484A11AFF078400B23205 /* PBXContainerItemProxy */;
			sourceTree = BUILT_PRODUCTS_DIR;
		};
/* End PBXReferenceProxy section */

/* Begin PBXResourcesBuildPhase section */
		2BCB049819C4F334002CBDB6 /* Resources */ = {
			isa = PBXResourcesBuildPhase;
			buildActionMask = 2147483647;
			files = (
				2BE66C7E19C50D87005EDC19 /* LaunchScreen.xib in Resources */,
			);
			runOnlyForDeploymentPostprocessing = 0;
		};
		6347082F1E17FB34001C31D2 /* Resources */ = {
			isa = PBXResourcesBuildPhase;
			buildActionMask = 2147483647;
			files = (
				634708301E17FB34001C31D2 /* LaunchScreen.xib in Resources */,
				6347083C1E17FBF5001C31D2 /* Main.storyboard in Resources */,
			);
			runOnlyForDeploymentPostprocessing = 0;
		};
/* End PBXResourcesBuildPhase section */

/* Begin PBXSourcesBuildPhase section */
		2BCB049619C4F334002CBDB6 /* Sources */ = {
			isa = PBXSourcesBuildPhase;
			buildActionMask = 2147483647;
			files = (
				2BE66C7419C50BA0005EDC19 /* ExampleSideDrawerViewController.swift in Sources */,
				2BE66C7A19C50C0B005EDC19 /* SideDrawerTableViewCell.swift in Sources */,
				2BCB04C619C4F466002CBDB6 /* AppDelegate.swift in Sources */,
				2BE66C7819C50BE8005EDC19 /* ExampleRightSideDrawerViewController.swift in Sources */,
				2BE66C7619C50BD6005EDC19 /* ExampleLeftSideDrawerViewController.swift in Sources */,
				2BC043CB19C4FFC300CA68B6 /* TableViewCell.swift in Sources */,
				2BE66C7C19C50C2C005EDC19 /* SideDrawerSectionHeaderView.swift in Sources */,
				2BCB04C819C4F4DE002CBDB6 /* ExampleDrawerVisualStateManager.swift in Sources */,
				2BC043CD19C505FA00CA68B6 /* CenterTableViewCell.swift in Sources */,
				2BCB04D419C4FB39002CBDB6 /* ExampleCenterTableViewController.swift in Sources */,
				2BCB04D019C4F814002CBDB6 /* ExampleViewController.swift in Sources */,
			);
			runOnlyForDeploymentPostprocessing = 0;
		};
		634708211E17FB34001C31D2 /* Sources */ = {
			isa = PBXSourcesBuildPhase;
			buildActionMask = 2147483647;
			files = (
				634708221E17FB34001C31D2 /* ExampleSideDrawerViewController.swift in Sources */,
				634708231E17FB34001C31D2 /* SideDrawerTableViewCell.swift in Sources */,
				634708251E17FB34001C31D2 /* ExampleRightSideDrawerViewController.swift in Sources */,
				634708261E17FB34001C31D2 /* ExampleLeftSideDrawerViewController.swift in Sources */,
				634708271E17FB34001C31D2 /* TableViewCell.swift in Sources */,
				634708281E17FB34001C31D2 /* SideDrawerSectionHeaderView.swift in Sources */,
				6347083A1E17FBC1001C31D2 /* AppDelegate-IB.swift in Sources */,
				634708291E17FB34001C31D2 /* ExampleDrawerVisualStateManager.swift in Sources */,
				6347082A1E17FB34001C31D2 /* CenterTableViewCell.swift in Sources */,
				6347082B1E17FB34001C31D2 /* ExampleCenterTableViewController.swift in Sources */,
				6347082C1E17FB34001C31D2 /* ExampleViewController.swift in Sources */,
			);
			runOnlyForDeploymentPostprocessing = 0;
		};
/* End PBXSourcesBuildPhase section */

/* Begin PBXTargetDependency section */
		6347081D1E17FB34001C31D2 /* PBXTargetDependency */ = {
			isa = PBXTargetDependency;
			name = DrawerController;
			targetProxy = 6347081E1E17FB34001C31D2 /* PBXContainerItemProxy */;
		};
		6347081F1E17FB34001C31D2 /* PBXTargetDependency */ = {
			isa = PBXTargetDependency;
			name = DrawerController;
			targetProxy = 634708201E17FB34001C31D2 /* PBXContainerItemProxy */;
		};
		FA5484A61AFF07A600B23205 /* PBXTargetDependency */ = {
			isa = PBXTargetDependency;
			name = DrawerController;
			targetProxy = FA5484A51AFF07A600B23205 /* PBXContainerItemProxy */;
		};
		FA5484AA1AFF07C000B23205 /* PBXTargetDependency */ = {
			isa = PBXTargetDependency;
			name = DrawerController;
			targetProxy = FA5484A91AFF07C000B23205 /* PBXContainerItemProxy */;
		};
/* End PBXTargetDependency section */

/* Begin XCBuildConfiguration section */
		2BCB04B719C4F334002CBDB6 /* Debug */ = {
			isa = XCBuildConfiguration;
			buildSettings = {
				ALWAYS_SEARCH_USER_PATHS = NO;
				CLANG_CXX_LANGUAGE_STANDARD = "gnu++0x";
				CLANG_CXX_LIBRARY = "libc++";
				CLANG_ENABLE_MODULES = YES;
				CLANG_ENABLE_OBJC_ARC = YES;
				CLANG_WARN_BOOL_CONVERSION = YES;
				CLANG_WARN_CONSTANT_CONVERSION = YES;
				CLANG_WARN_DIRECT_OBJC_ISA_USAGE = YES_ERROR;
				CLANG_WARN_EMPTY_BODY = YES;
				CLANG_WARN_ENUM_CONVERSION = YES;
				CLANG_WARN_INFINITE_RECURSION = YES;
				CLANG_WARN_INT_CONVERSION = YES;
				CLANG_WARN_OBJC_ROOT_CLASS = YES_ERROR;
				CLANG_WARN_SUSPICIOUS_MOVE = YES;
				CLANG_WARN_UNREACHABLE_CODE = YES;
				CLANG_WARN__DUPLICATE_METHOD_MATCH = YES;
				"CODE_SIGN_IDENTITY[sdk=iphoneos*]" = "iPhone Developer";
				COPY_PHASE_STRIP = NO;
				ENABLE_STRICT_OBJC_MSGSEND = YES;
				ENABLE_TESTABILITY = YES;
				GCC_C_LANGUAGE_STANDARD = gnu99;
				GCC_DYNAMIC_NO_PIC = NO;
				GCC_NO_COMMON_BLOCKS = YES;
				GCC_OPTIMIZATION_LEVEL = 0;
				GCC_PREPROCESSOR_DEFINITIONS = (
					"DEBUG=1",
					"$(inherited)",
				);
				GCC_SYMBOLS_PRIVATE_EXTERN = NO;
				GCC_WARN_64_TO_32_BIT_CONVERSION = YES;
				GCC_WARN_ABOUT_RETURN_TYPE = YES_ERROR;
				GCC_WARN_UNDECLARED_SELECTOR = YES;
				GCC_WARN_UNINITIALIZED_AUTOS = YES_AGGRESSIVE;
				GCC_WARN_UNUSED_FUNCTION = YES;
				GCC_WARN_UNUSED_VARIABLE = YES;
				IPHONEOS_DEPLOYMENT_TARGET = 8.0;
				MTL_ENABLE_DEBUG_INFO = YES;
				ONLY_ACTIVE_ARCH = YES;
				SDKROOT = iphoneos;
				SWIFT_OPTIMIZATION_LEVEL = "-Onone";
				TARGETED_DEVICE_FAMILY = "1,2";
			};
			name = Debug;
		};
		2BCB04B819C4F334002CBDB6 /* Release */ = {
			isa = XCBuildConfiguration;
			buildSettings = {
				ALWAYS_SEARCH_USER_PATHS = NO;
				CLANG_CXX_LANGUAGE_STANDARD = "gnu++0x";
				CLANG_CXX_LIBRARY = "libc++";
				CLANG_ENABLE_MODULES = YES;
				CLANG_ENABLE_OBJC_ARC = YES;
				CLANG_WARN_BOOL_CONVERSION = YES;
				CLANG_WARN_CONSTANT_CONVERSION = YES;
				CLANG_WARN_DIRECT_OBJC_ISA_USAGE = YES_ERROR;
				CLANG_WARN_EMPTY_BODY = YES;
				CLANG_WARN_ENUM_CONVERSION = YES;
				CLANG_WARN_INFINITE_RECURSION = YES;
				CLANG_WARN_INT_CONVERSION = YES;
				CLANG_WARN_OBJC_ROOT_CLASS = YES_ERROR;
				CLANG_WARN_SUSPICIOUS_MOVE = YES;
				CLANG_WARN_UNREACHABLE_CODE = YES;
				CLANG_WARN__DUPLICATE_METHOD_MATCH = YES;
				"CODE_SIGN_IDENTITY[sdk=iphoneos*]" = "iPhone Developer";
				COPY_PHASE_STRIP = YES;
				ENABLE_NS_ASSERTIONS = NO;
				ENABLE_STRICT_OBJC_MSGSEND = YES;
				GCC_C_LANGUAGE_STANDARD = gnu99;
				GCC_NO_COMMON_BLOCKS = YES;
				GCC_WARN_64_TO_32_BIT_CONVERSION = YES;
				GCC_WARN_ABOUT_RETURN_TYPE = YES_ERROR;
				GCC_WARN_UNDECLARED_SELECTOR = YES;
				GCC_WARN_UNINITIALIZED_AUTOS = YES_AGGRESSIVE;
				GCC_WARN_UNUSED_FUNCTION = YES;
				GCC_WARN_UNUSED_VARIABLE = YES;
				IPHONEOS_DEPLOYMENT_TARGET = 8.0;
				MTL_ENABLE_DEBUG_INFO = NO;
				SDKROOT = iphoneos;
				SWIFT_OPTIMIZATION_LEVEL = "-Owholemodule";
				TARGETED_DEVICE_FAMILY = "1,2";
				VALIDATE_PRODUCT = YES;
			};
			name = Release;
		};
		2BCB04BA19C4F334002CBDB6 /* Debug */ = {
			isa = XCBuildConfiguration;
			buildSettings = {
				ASSETCATALOG_COMPILER_APPICON_NAME = AppIcon;
				CLANG_ENABLE_MODULES = YES;
				INFOPLIST_FILE = "$(SRCROOT)/ExampleFiles/Info.plist";
				LD_RUNPATH_SEARCH_PATHS = "$(inherited) @executable_path/Frameworks";
				PRODUCT_BUNDLE_IDENTIFIER = "io.evolved.$(PRODUCT_NAME:rfc1034identifier)";
				PRODUCT_NAME = "$(TARGET_NAME)";
				SWIFT_OPTIMIZATION_LEVEL = "-Onone";
				SWIFT_VERSION = 3.0;
			};
			name = Debug;
		};
		2BCB04BB19C4F334002CBDB6 /* Release */ = {
			isa = XCBuildConfiguration;
			buildSettings = {
				ASSETCATALOG_COMPILER_APPICON_NAME = AppIcon;
				CLANG_ENABLE_MODULES = YES;
				INFOPLIST_FILE = "$(SRCROOT)/ExampleFiles/Info.plist";
				LD_RUNPATH_SEARCH_PATHS = "$(inherited) @executable_path/Frameworks";
				PRODUCT_BUNDLE_IDENTIFIER = "io.evolved.$(PRODUCT_NAME:rfc1034identifier)";
				PRODUCT_NAME = "$(TARGET_NAME)";
				SWIFT_VERSION = 3.0;
			};
			name = Release;
		};
		634708341E17FB34001C31D2 /* Debug */ = {
			isa = XCBuildConfiguration;
			buildSettings = {
				ASSETCATALOG_COMPILER_APPICON_NAME = AppIcon;
				CLANG_ENABLE_MODULES = YES;
				INFOPLIST_FILE = "$(SRCROOT)/ExampleFiles/Info-IB.plist";
				LD_RUNPATH_SEARCH_PATHS = "$(inherited) @executable_path/Frameworks";
				PRODUCT_BUNDLE_IDENTIFIER = "io.evolved.DrawerControllerKitchenSink-IB";
				PRODUCT_NAME = "$(TARGET_NAME)";
				SWIFT_OPTIMIZATION_LEVEL = "-Onone";
				SWIFT_VERSION = 3.0;
			};
			name = Debug;
		};
		634708351E17FB34001C31D2 /* Release */ = {
			isa = XCBuildConfiguration;
			buildSettings = {
				ASSETCATALOG_COMPILER_APPICON_NAME = AppIcon;
				CLANG_ENABLE_MODULES = YES;
				INFOPLIST_FILE = "$(SRCROOT)/ExampleFiles/Info-IB.plist";
				LD_RUNPATH_SEARCH_PATHS = "$(inherited) @executable_path/Frameworks";
				PRODUCT_BUNDLE_IDENTIFIER = "io.evolved.DrawerControllerKitchenSink-IB";
				PRODUCT_NAME = "$(TARGET_NAME)";
				SWIFT_VERSION = 3.0;
			};
			name = Release;
		};
/* End XCBuildConfiguration section */

/* Begin XCConfigurationList section */
		2BCB049519C4F334002CBDB6 /* Build configuration list for PBXProject "DrawerControllerKitchenSink" */ = {
			isa = XCConfigurationList;
			buildConfigurations = (
				2BCB04B719C4F334002CBDB6 /* Debug */,
				2BCB04B819C4F334002CBDB6 /* Release */,
			);
			defaultConfigurationIsVisible = 0;
			defaultConfigurationName = Release;
		};
		2BCB04B919C4F334002CBDB6 /* Build configuration list for PBXNativeTarget "DrawerControllerKitchenSink" */ = {
			isa = XCConfigurationList;
			buildConfigurations = (
				2BCB04BA19C4F334002CBDB6 /* Debug */,
				2BCB04BB19C4F334002CBDB6 /* Release */,
			);
			defaultConfigurationIsVisible = 0;
			defaultConfigurationName = Release;
		};
		634708331E17FB34001C31D2 /* Build configuration list for PBXNativeTarget "DrawerControllerKitchenSink-IB" */ = {
			isa = XCConfigurationList;
			buildConfigurations = (
				634708341E17FB34001C31D2 /* Debug */,
				634708351E17FB34001C31D2 /* Release */,
			);
			defaultConfigurationIsVisible = 0;
			defaultConfigurationName = Release;
		};
/* End XCConfigurationList section */
	};
	rootObject = 2BCB049219C4F334002CBDB6 /* Project object */;
}
